
Microsoft Visual Studio Solution File, Format Version 12.00
# Visual Studio Version 16
VisualStudioVersion = 16.0.30711.63
MinimumVisualStudioVersion = 10.0.40219.1
Project("{FAE04EC0-301F-11D3-BF4B-00C04F79EFBC}") = "8bitMonkey", "8bitMonkey.csproj", "{77FEED7F-D287-4C6C-8BEC-3DE420C4A4E5}"
EndProject
Global
	GlobalSection(SolutionConfigurationPlatforms) = preSolution
		Debug|Any CPU = Debug|Any CPU
		Release|Any CPU = Release|Any CPU
	EndGlobalSection
	GlobalSection(ProjectConfigurationPlatforms) = postSolution
		{77FEED7F-D287-4C6C-8BEC-3DE420C4A4E5}.Debug|Any CPU.ActiveCfg = Debug|Any CPU
		{77FEED7F-D287-4C6C-8BEC-3DE420C4A4E5}.Debug|Any CPU.Build.0 = Debug|Any CPU
		{77FEED7F-D287-4C6C-8BEC-3DE420C4A4E5}.Release|Any CPU.ActiveCfg = Release|Any CPU
		{77FEED7F-D287-4C6C-8BEC-3DE420C4A4E5}.Release|Any CPU.Build.0 = Release|Any CPU
	EndGlobalSection
	GlobalSection(SolutionProperties) = preSolution
		HideSolutionNode = FALSE
	EndGlobalSection
	GlobalSection(ExtensibilityGlobals) = postSolution
		SolutionGuid = {AFD43DAD-C25F-4CC5-A5BB-6C1662A1E8FF}
	EndGlobalSection
EndGlobal
